
Microsoft Visual Studio Solution File, Format Version 12.00
# Visual Studio 15
VisualStudioVersion = 15.0.27428.2027
MinimumVisualStudioVersion = 10.0.40219.1
Project("{FAE04EC0-301F-11D3-BF4B-00C04F79EFBC}") = "MVC-BasicTutorials", "MVC-BasicTutorials\MVC-BasicTutorials.csproj", "{866C2DF0-5B83-4C1B-88D9-DBFE16B7F9BF}"
EndProject
Global
	GlobalSection(SolutionConfigurationPlatforms) = preSolution
		Debug|Any CPU = Debug|Any CPU
		Release|Any CPU = Release|Any CPU
	EndGlobalSection
	GlobalSection(ProjectConfigurationPlatforms) = postSolution
		{866C2DF0-5B83-4C1B-88D9-DBFE16B7F9BF}.Debug|Any CPU.ActiveCfg = Debug|Any CPU
		{866C2DF0-5B83-4C1B-88D9-DBFE16B7F9BF}.Debug|Any CPU.Build.0 = Debug|Any CPU
		{866C2DF0-5B83-4C1B-88D9-DBFE16B7F9BF}.Release|Any CPU.ActiveCfg = Release|Any CPU
		{866C2DF0-5B83-4C1B-88D9-DBFE16B7F9BF}.Release|Any CPU.Build.0 = Release|Any CPU
	EndGlobalSection
	GlobalSection(SolutionProperties) = preSolution
		HideSolutionNode = FALSE
	EndGlobalSection
	GlobalSection(ExtensibilityGlobals) = postSolution
		SolutionGuid = {87A2ED38-B91A-4771-B2E9-9B364FDA23E7}
	EndGlobalSection
EndGlobal
